// !$*UTF8*$!
{
	archiveVersion = 1;
	classes = {
	};
	objectVersion = 56;
	objects = {

/* Begin PBXBuildFile section */
		223466AD29EAC27000C0529A /* AppDelegate.swift in Sources */ = {isa = PBXBuildFile; fileRef = 223466AC29EAC27000C0529A /* AppDelegate.swift */; };
		223466AF29EAC27000C0529A /* SceneDelegate.swift in Sources */ = {isa = PBXBuildFile; fileRef = 223466AE29EAC27000C0529A /* SceneDelegate.swift */; };
		223466B129EAC27000C0529A /* ViewController.swift in Sources */ = {isa = PBXBuildFile; fileRef = 223466B029EAC27000C0529A /* ViewController.swift */; };
		223466B429EAC27000C0529A /* Main.storyboard in Resources */ = {isa = PBXBuildFile; fileRef = 223466B229EAC27000C0529A /* Main.storyboard */; };
		223466B629EAC27100C0529A /* Assets.xcassets in Resources */ = {isa = PBXBuildFile; fileRef = 223466B529EAC27100C0529A /* Assets.xcassets */; };
		223466B929EAC27100C0529A /* LaunchScreen.storyboard in Resources */ = {isa = PBXBuildFile; fileRef = 223466B729EAC27100C0529A /* LaunchScreen.storyboard */; };
		223466C429EAC27200C0529A /* SpeechToText_DemoTests.swift in Sources */ = {isa = PBXBuildFile; fileRef = 223466C329EAC27200C0529A /* SpeechToText_DemoTests.swift */; };
		223466CE29EAC27200C0529A /* SpeechToText_DemoUITests.swift in Sources */ = {isa = PBXBuildFile; fileRef = 223466CD29EAC27200C0529A /* SpeechToText_DemoUITests.swift */; };
		223466D029EAC27200C0529A /* SpeechToText_DemoUITestsLaunchTests.swift in Sources */ = {isa = PBXBuildFile; fileRef = 223466CF29EAC27200C0529A /* SpeechToText_DemoUITestsLaunchTests.swift */; };
/* End PBXBuildFile section */

/* Begin PBXContainerItemProxy section */
		223466C029EAC27200C0529A /* PBXContainerItemProxy */ = {
			isa = PBXContainerItemProxy;
			containerPortal = 223466A129EAC27000C0529A /* Project object */;
			proxyType = 1;
			remoteGlobalIDString = 223466A829EAC27000C0529A;
			remoteInfo = SpeechToText_Demo;
		};
		223466CA29EAC27200C0529A /* PBXContainerItemProxy */ = {
			isa = PBXContainerItemProxy;
			containerPortal = 223466A129EAC27000C0529A /* Project object */;
			proxyType = 1;
			remoteGlobalIDString = 223466A829EAC27000C0529A;
			remoteInfo = SpeechToText_Demo;
		};
/* End PBXContainerItemProxy section */

/* Begin PBXFileReference section */
		223466A929EAC27000C0529A /* SpeechToText_Demo.app */ = {isa = PBXFileReference; explicitFileType = wrapper.application; includeInIndex = 0; path = SpeechToText_Demo.app; sourceTree = BUILT_PRODUCTS_DIR; };
		223466AC29EAC27000C0529A /* AppDelegate.swift */ = {isa = PBXFileReference; lastKnownFileType = sourcecode.swift; path = AppDelegate.swift; sourceTree = "<group>"; };
		223466AE29EAC27000C0529A /* SceneDelegate.swift */ = {isa = PBXFileReference; lastKnownFileType = sourcecode.swift; path = SceneDelegate.swift; sourceTree = "<group>"; };
		223466B029EAC27000C0529A /* ViewController.swift */ = {isa = PBXFileReference; lastKnownFileType = sourcecode.swift; path = ViewController.swift; sourceTree = "<group>"; };
		223466B329EAC27000C0529A /* Base */ = {isa = PBXFileReference; lastKnownFileType = file.storyboard; name = Base; path = Base.lproj/Main.storyboard; sourceTree = "<group>"; };
		223466B529EAC27100C0529A /* Assets.xcassets */ = {isa = PBXFileReference; lastKnownFileType = folder.assetcatalog; path = Assets.xcassets; sourceTree = "<group>"; };
		223466B829EAC27100C0529A /* Base */ = {isa = PBXFileReference; lastKnownFileType = file.storyboard; name = Base; path = Base.lproj/LaunchScreen.storyboard; sourceTree = "<group>"; };
		223466BA29EAC27100C0529A /* Info.plist */ = {isa = PBXFileReference; lastKnownFileType = text.plist.xml; path = Info.plist; sourceTree = "<group>"; };
		223466BF29EAC27200C0529A /* SpeechToText_DemoTests.xctest */ = {isa = PBXFileReference; explicitFileType = wrapper.cfbundle; includeInIndex = 0; path = SpeechToText_DemoTests.xctest; sourceTree = BUILT_PRODUCTS_DIR; };
		223466C329EAC27200C0529A /* SpeechToText_DemoTests.swift */ = {isa = PBXFileReference; lastKnownFileType = sourcecode.swift; path = SpeechToText_DemoTests.swift; sourceTree = "<group>"; };
		223466C929EAC27200C0529A /* SpeechToText_DemoUITests.xctest */ = {isa = PBXFileReference; explicitFileType = wrapper.cfbundle; includeInIndex = 0; path = SpeechToText_DemoUITests.xctest; sourceTree = BUILT_PRODUCTS_DIR; };
		223466CD29EAC27200C0529A /* SpeechToText_DemoUITests.swift */ = {isa = PBXFileReference; lastKnownFileType = sourcecode.swift; path = SpeechToText_DemoUITests.swift; sourceTree = "<group>"; };
		223466CF29EAC27200C0529A /* SpeechToText_DemoUITestsLaunchTests.swift */ = {isa = PBXFileReference; lastKnownFileType = sourcecode.swift; path = SpeechToText_DemoUITestsLaunchTests.swift; sourceTree = "<group>"; };
/* End PBXFileReference section */

/* Begin PBXFrameworksBuildPhase section */
		223466A629EAC27000C0529A /* Frameworks */ = {
			isa = PBXFrameworksBuildPhase;
			buildActionMask = 2147483647;
			files = (
			);
			runOnlyForDeploymentPostprocessing = 0;
		};
		223466BC29EAC27200C0529A /* Frameworks */ = {
			isa = PBXFrameworksBuildPhase;
			buildActionMask = 2147483647;
			files = (
			);
			runOnlyForDeploymentPostprocessing = 0;
		};
		223466C629EAC27200C0529A /* Frameworks */ = {
			isa = PBXFrameworksBuildPhase;
			buildActionMask = 2147483647;
			files = (
			);
			runOnlyForDeploymentPostprocessing = 0;
		};
/* End PBXFrameworksBuildPhase section */

/* Begin PBXGroup section */
		223466A029EAC27000C0529A = {
			isa = PBXGroup;
			children = (
				223466AB29EAC27000C0529A /* SpeechToText_Demo */,
				223466C229EAC27200C0529A /* SpeechToText_DemoTests */,
				223466CC29EAC27200C0529A /* SpeechToText_DemoUITests */,
				223466AA29EAC27000C0529A /* Products */,
			);
			sourceTree = "<group>";
		};
		223466AA29EAC27000C0529A /* Products */ = {
			isa = PBXGroup;
			children = (
				223466A929EAC27000C0529A /* SpeechToText_Demo.app */,
				223466BF29EAC27200C0529A /* SpeechToText_DemoTests.xctest */,
				223466C929EAC27200C0529A /* SpeechToText_DemoUITests.xctest */,
			);
			name = Products;
			sourceTree = "<group>";
		};
		223466AB29EAC27000C0529A /* SpeechToText_Demo */ = {
			isa = PBXGroup;
			children = (
				223466AC29EAC27000C0529A /* AppDelegate.swift */,
				223466AE29EAC27000C0529A /* SceneDelegate.swift */,
				223466B029EAC27000C0529A /* ViewController.swift */,
				223466B229EAC27000C0529A /* Main.storyboard */,
				223466B529EAC27100C0529A /* Assets.xcassets */,
				223466B729EAC27100C0529A /* LaunchScreen.storyboard */,
				223466BA29EAC27100C0529A /* Info.plist */,
			);
			path = SpeechToText_Demo;
			sourceTree = "<group>";
		};
		223466C229EAC27200C0529A /* SpeechToText_DemoTests */ = {
			isa = PBXGroup;
			children = (
				223466C329EAC27200C0529A /* SpeechToText_DemoTests.swift */,
			);
			path = SpeechToText_DemoTests;
			sourceTree = "<group>";
		};
		223466CC29EAC27200C0529A /* SpeechToText_DemoUITests */ = {
			isa = PBXGroup;
			children = (
				223466CD29EAC27200C0529A /* SpeechToText_DemoUITests.swift */,
				223466CF29EAC27200C0529A /* SpeechToText_DemoUITestsLaunchTests.swift */,
			);
			path = SpeechToText_DemoUITests;
			sourceTree = "<group>";
		};
/* End PBXGroup section */

/* Begin PBXNativeTarget section */
		223466A829EAC27000C0529A /* SpeechToText_Demo */ = {
			isa = PBXNativeTarget;
			buildConfigurationList = 223466D329EAC27200C0529A /* Build configuration list for PBXNativeTarget "SpeechToText_Demo" */;
			buildPhases = (
				223466A529EAC27000C0529A /* Sources */,
				223466A629EAC27000C0529A /* Frameworks */,
				223466A729EAC27000C0529A /* Resources */,
			);
			buildRules = (
			);
			dependencies = (
			);
			name = SpeechToText_Demo;
			productName = SpeechToText_Demo;
			productReference = 223466A929EAC27000C0529A /* SpeechToText_Demo.app */;
			productType = "com.apple.product-type.application";
		};
		223466BE29EAC27200C0529A /* SpeechToText_DemoTests */ = {
			isa = PBXNativeTarget;
			buildConfigurationList = 223466D629EAC27200C0529A /* Build configuration list for PBXNativeTarget "SpeechToText_DemoTests" */;
			buildPhases = (
				223466BB29EAC27200C0529A /* Sources */,
				223466BC29EAC27200C0529A /* Frameworks */,
				223466BD29EAC27200C0529A /* Resources */,
			);
			buildRules = (
			);
			dependencies = (
				223466C129EAC27200C0529A /* PBXTargetDependency */,
			);
			name = SpeechToText_DemoTests;
			productName = SpeechToText_DemoTests;
			productReference = 223466BF29EAC27200C0529A /* SpeechToText_DemoTests.xctest */;
			productType = "com.apple.product-type.bundle.unit-test";
		};
		223466C829EAC27200C0529A /* SpeechToText_DemoUITests */ = {
			isa = PBXNativeTarget;
			buildConfigurationList = 223466D929EAC27200C0529A /* Build configuration list for PBXNativeTarget "SpeechToText_DemoUITests" */;
			buildPhases = (
				223466C529EAC27200C0529A /* Sources */,
				223466C629EAC27200C0529A /* Frameworks */,
				223466C729EAC27200C0529A /* Resources */,
			);
			buildRules = (
			);
			dependencies = (
				223466CB29EAC27200C0529A /* PBXTargetDependency */,
			);
			name = SpeechToText_DemoUITests;
			productName = SpeechToText_DemoUITests;
			productReference = 223466C929EAC27200C0529A /* SpeechToText_DemoUITests.xctest */;
			productType = "com.apple.product-type.bundle.ui-testing";
		};
/* End PBXNativeTarget section */

/* Begin PBXProject section */
		223466A129EAC27000C0529A /* Project object */ = {
			isa = PBXProject;
			attributes = {
				BuildIndependentTargetsInParallel = 1;
				LastSwiftUpdateCheck = 1420;
				LastUpgradeCheck = 1420;
				TargetAttributes = {
					223466A829EAC27000C0529A = {
						CreatedOnToolsVersion = 14.2;
					};
					223466BE29EAC27200C0529A = {
						CreatedOnToolsVersion = 14.2;
						TestTargetID = 223466A829EAC27000C0529A;
					};
					223466C829EAC27200C0529A = {
						CreatedOnToolsVersion = 14.2;
						TestTargetID = 223466A829EAC27000C0529A;
					};
				};
			};
			buildConfigurationList = 223466A429EAC27000C0529A /* Build configuration list for PBXProject "SpeechToText_Demo" */;
			compatibilityVersion = "Xcode 14.0";
			developmentRegion = en;
			hasScannedForEncodings = 0;
			knownRegions = (
				en,
				Base,
			);
			mainGroup = 223466A029EAC27000C0529A;
			productRefGroup = 223466AA29EAC27000C0529A /* Products */;
			projectDirPath = "";
			projectRoot = "";
			targets = (
				223466A829EAC27000C0529A /* SpeechToText_Demo */,
				223466BE29EAC27200C0529A /* SpeechToText_DemoTests */,
				223466C829EAC27200C0529A /* SpeechToText_DemoUITests */,
			);
		};
/* End PBXProject section */

/* Begin PBXResourcesBuildPhase section */
		223466A729EAC27000C0529A /* Resources */ = {
			isa = PBXResourcesBuildPhase;
			buildActionMask = 2147483647;
			files = (
				223466B929EAC27100C0529A /* LaunchScreen.storyboard in Resources */,
				223466B629EAC27100C0529A /* Assets.xcassets in Resources */,
				223466B429EAC27000C0529A /* Main.storyboard in Resources */,
			);
			runOnlyForDeploymentPostprocessing = 0;
		};
		223466BD29EAC27200C0529A /* Resources */ = {
			isa = PBXResourcesBuildPhase;
			buildActionMask = 2147483647;
			files = (
			);
			runOnlyForDeploymentPostprocessing = 0;
		};
		223466C729EAC27200C0529A /* Resources */ = {
			isa = PBXResourcesBuildPhase;
			buildActionMask = 2147483647;
			files = (
			);
			runOnlyForDeploymentPostprocessing = 0;
		};
/* End PBXResourcesBuildPhase section */

/* Begin PBXSourcesBuildPhase section */
		223466A529EAC27000C0529A /* Sources */ = {
			isa = PBXSourcesBuildPhase;
			buildActionMask = 2147483647;
			files = (
				223466B129EAC27000C0529A /* ViewController.swift in Sources */,
				223466AD29EAC27000C0529A /* AppDelegate.swift in Sources */,
				223466AF29EAC27000C0529A /* SceneDelegate.swift in Sources */,
			);
			runOnlyForDeploymentPostprocessing = 0;
		};
		223466BB29EAC27200C0529A /* Sources */ = {
			isa = PBXSourcesBuildPhase;
			buildActionMask = 2147483647;
			files = (
				223466C429EAC27200C0529A /* SpeechToText_DemoTests.swift in Sources */,
			);
			runOnlyForDeploymentPostprocessing = 0;
		};
		223466C529EAC27200C0529A /* Sources */ = {
			isa = PBXSourcesBuildPhase;
			buildActionMask = 2147483647;
			files = (
				223466CE29EAC27200C0529A /* SpeechToText_DemoUITests.swift in Sources */,
				223466D029EAC27200C0529A /* SpeechToText_DemoUITestsLaunchTests.swift in Sources */,
			);
			runOnlyForDeploymentPostprocessing = 0;
		};
/* End PBXSourcesBuildPhase section */

/* Begin PBXTargetDependency section */
		223466C129EAC27200C0529A /* PBXTargetDependency */ = {
			isa = PBXTargetDependency;
			target = 223466A829EAC27000C0529A /* SpeechToText_Demo */;
			targetProxy = 223466C029EAC27200C0529A /* PBXContainerItemProxy */;
		};
		223466CB29EAC27200C0529A /* PBXTargetDependency */ = {
			isa = PBXTargetDependency;
			target = 223466A829EAC27000C0529A /* SpeechToText_Demo */;
			targetProxy = 223466CA29EAC27200C0529A /* PBXContainerItemProxy */;
		};
/* End PBXTargetDependency section */

/* Begin PBXVariantGroup section */
		223466B229EAC27000C0529A /* Main.storyboard */ = {
			isa = PBXVariantGroup;
			children = (
				223466B329EAC27000C0529A /* Base */,
			);
			name = Main.storyboard;
			sourceTree = "<group>";
		};
		223466B729EAC27100C0529A /* LaunchScreen.storyboard */ = {
			isa = PBXVariantGroup;
			children = (
				223466B829EAC27100C0529A /* Base */,
			);
			name = LaunchScreen.storyboard;
			sourceTree = "<group>";
		};
/* End PBXVariantGroup section */

/* Begin XCBuildConfiguration section */
		223466D129EAC27200C0529A /* Debug */ = {
			isa = XCBuildConfiguration;
			buildSettings = {
				ALWAYS_SEARCH_USER_PATHS = NO;
				CLANG_ANALYZER_NONNULL = YES;
				CLANG_ANALYZER_NUMBER_OBJECT_CONVERSION = YES_AGGRESSIVE;
				CLANG_CXX_LANGUAGE_STANDARD = "gnu++20";
				CLANG_ENABLE_MODULES = YES;
				CLANG_ENABLE_OBJC_ARC = YES;
				CLANG_ENABLE_OBJC_WEAK = YES;
				CLANG_WARN_BLOCK_CAPTURE_AUTORELEASING = YES;
				CLANG_WARN_BOOL_CONVERSION = YES;
				CLANG_WARN_COMMA = YES;
				CLANG_WARN_CONSTANT_CONVERSION = YES;
				CLANG_WARN_DEPRECATED_OBJC_IMPLEMENTATIONS = YES;
				CLANG_WARN_DIRECT_OBJC_ISA_USAGE = YES_ERROR;
				CLANG_WARN_DOCUMENTATION_COMMENTS = YES;
				CLANG_WARN_EMPTY_BODY = YES;
				CLANG_WARN_ENUM_CONVERSION = YES;
				CLANG_WARN_INFINITE_RECURSION = YES;
				CLANG_WARN_INT_CONVERSION = YES;
				CLANG_WARN_NON_LITERAL_NULL_CONVERSION = YES;
				CLANG_WARN_OBJC_IMPLICIT_RETAIN_SELF = YES;
				CLANG_WARN_OBJC_LITERAL_CONVERSION = YES;
				CLANG_WARN_OBJC_ROOT_CLASS = YES_ERROR;
				CLANG_WARN_QUOTED_INCLUDE_IN_FRAMEWORK_HEADER = YES;
				CLANG_WARN_RANGE_LOOP_ANALYSIS = YES;
				CLANG_WARN_STRICT_PROTOTYPES = YES;
				CLANG_WARN_SUSPICIOUS_MOVE = YES;
				CLANG_WARN_UNGUARDED_AVAILABILITY = YES_AGGRESSIVE;
				CLANG_WARN_UNREACHABLE_CODE = YES;
				CLANG_WARN__DUPLICATE_METHOD_MATCH = YES;
				COPY_PHASE_STRIP = NO;
				DEBUG_INFORMATION_FORMAT = dwarf;
				ENABLE_STRICT_OBJC_MSGSEND = YES;
				ENABLE_TESTABILITY = YES;
				GCC_C_LANGUAGE_STANDARD = gnu11;
				GCC_DYNAMIC_NO_PIC = NO;
				GCC_NO_COMMON_BLOCKS = YES;
				GCC_OPTIMIZATION_LEVEL = 0;
				GCC_PREPROCESSOR_DEFINITIONS = (
					"DEBUG=1",
					"$(inherited)",
				);
				GCC_WARN_64_TO_32_BIT_CONVERSION = YES;
				GCC_WARN_ABOUT_RETURN_TYPE = YES_ERROR;
				GCC_WARN_UNDECLARED_SELECTOR = YES;
				GCC_WARN_UNINITIALIZED_AUTOS = YES_AGGRESSIVE;
				GCC_WARN_UNUSED_FUNCTION = YES;
				GCC_WARN_UNUSED_VARIABLE = YES;
				IPHONEOS_DEPLOYMENT_TARGET = 16.2;
				MTL_ENABLE_DEBUG_INFO = INCLUDE_SOURCE;
				MTL_FAST_MATH = YES;
				ONLY_ACTIVE_ARCH = YES;
				SDKROOT = iphoneos;
				SWIFT_ACTIVE_COMPILATION_CONDITIONS = DEBUG;
				SWIFT_OPTIMIZATION_LEVEL = "-Onone";
			};
			name = Debug;
		};
		223466D229EAC27200C0529A /* Release */ = {
			isa = XCBuildConfiguration;
			buildSettings = {
				ALWAYS_SEARCH_USER_PATHS = NO;
				CLANG_ANALYZER_NONNULL = YES;
				CLANG_ANALYZER_NUMBER_OBJECT_CONVERSION = YES_AGGRESSIVE;
				CLANG_CXX_LANGUAGE_STANDARD = "gnu++20";
				CLANG_ENABLE_MODULES = YES;
				CLANG_ENABLE_OBJC_ARC = YES;
				CLANG_ENABLE_OBJC_WEAK = YES;
				CLANG_WARN_BLOCK_CAPTURE_AUTORELEASING = YES;
				CLANG_WARN_BOOL_CONVERSION = YES;
				CLANG_WARN_COMMA = YES;
				CLANG_WARN_CONSTANT_CONVERSION = YES;
				CLANG_WARN_DEPRECATED_OBJC_IMPLEMENTATIONS = YES;
				CLANG_WARN_DIRECT_OBJC_ISA_USAGE = YES_ERROR;
				CLANG_WARN_DOCUMENTATION_COMMENTS = YES;
				CLANG_WARN_EMPTY_BODY = YES;
				CLANG_WARN_ENUM_CONVERSION = YES;
				CLANG_WARN_INFINITE_RECURSION = YES;
				CLANG_WARN_INT_CONVERSION = YES;
				CLANG_WARN_NON_LITERAL_NULL_CONVERSION = YES;
				CLANG_WARN_OBJC_IMPLICIT_RETAIN_SELF = YES;
				CLANG_WARN_OBJC_LITERAL_CONVERSION = YES;
				CLANG_WARN_OBJC_ROOT_CLASS = YES_ERROR;
				CLANG_WARN_QUOTED_INCLUDE_IN_FRAMEWORK_HEADER = YES;
				CLANG_WARN_RANGE_LOOP_ANALYSIS = YES;
				CLANG_WARN_STRICT_PROTOTYPES = YES;
				CLANG_WARN_SUSPICIOUS_MOVE = YES;
				CLANG_WARN_UNGUARDED_AVAILABILITY = YES_AGGRESSIVE;
				CLANG_WARN_UNREACHABLE_CODE = YES;
				CLANG_WARN__DUPLICATE_METHOD_MATCH = YES;
				COPY_PHASE_STRIP = NO;
				DEBUG_INFORMATION_FORMAT = "dwarf-with-dsym";
				ENABLE_NS_ASSERTIONS = NO;
				ENABLE_STRICT_OBJC_MSGSEND = YES;
				GCC_C_LANGUAGE_STANDARD = gnu11;
				GCC_NO_COMMON_BLOCKS = YES;
				GCC_WARN_64_TO_32_BIT_CONVERSION = YES;
				GCC_WARN_ABOUT_RETURN_TYPE = YES_ERROR;
				GCC_WARN_UNDECLARED_SELECTOR = YES;
				GCC_WARN_UNINITIALIZED_AUTOS = YES_AGGRESSIVE;
				GCC_WARN_UNUSED_FUNCTION = YES;
				GCC_WARN_UNUSED_VARIABLE = YES;
				IPHONEOS_DEPLOYMENT_TARGET = 16.2;
				MTL_ENABLE_DEBUG_INFO = NO;
				MTL_FAST_MATH = YES;
				SDKROOT = iphoneos;
				SWIFT_COMPILATION_MODE = wholemodule;
				SWIFT_OPTIMIZATION_LEVEL = "-O";
				VALIDATE_PRODUCT = YES;
			};
			name = Release;
		};
		223466D429EAC27200C0529A /* Debug */ = {
			isa = XCBuildConfiguration;
			buildSettings = {
				ASSETCATALOG_COMPILER_APPICON_NAME = AppIcon;
				ASSETCATALOG_COMPILER_GLOBAL_ACCENT_COLOR_NAME = AccentColor;
				CODE_SIGN_STYLE = Automatic;
				CURRENT_PROJECT_VERSION = 1;
				DEVELOPMENT_TEAM = 8YHCBYDS83;
				GENERATE_INFOPLIST_FILE = YES;
				INFOPLIST_FILE = SpeechToText_Demo/Info.plist;
				INFOPLIST_KEY_UIApplicationSupportsIndirectInputEvents = YES;
				INFOPLIST_KEY_UILaunchStoryboardName = LaunchScreen;
				INFOPLIST_KEY_UIMainStoryboardFile = Main;
				INFOPLIST_KEY_UISupportedInterfaceOrientations_iPad = "UIInterfaceOrientationPortrait UIInterfaceOrientationPortraitUpsideDown UIInterfaceOrientationLandscapeLeft UIInterfaceOrientationLandscapeRight";
				INFOPLIST_KEY_UISupportedInterfaceOrientations_iPhone = "UIInterfaceOrientationPortrait UIInterfaceOrientationLandscapeLeft UIInterfaceOrientationLandscapeRight";
				LD_RUNPATH_SEARCH_PATHS = (
					"$(inherited)",
					"@executable_path/Frameworks",
				);
				MARKETING_VERSION = 1.0;
				PRODUCT_BUNDLE_IDENTIFIER = "com.khoile.SpeechToText-Demo";
				PRODUCT_NAME = "$(TARGET_NAME)";
				SWIFT_EMIT_LOC_STRINGS = YES;
				SWIFT_VERSION = 5.0;
				TARGETED_DEVICE_FAMILY = "1,2";
			};
			name = Debug;
		};
		223466D529EAC27200C0529A /* Release */ = {
			isa = XCBuildConfiguration;
			buildSettings = {
				ASSETCATALOG_COMPILER_APPICON_NAME = AppIcon;
				ASSETCATALOG_COMPILER_GLOBAL_ACCENT_COLOR_NAME = AccentColor;
				CODE_SIGN_STYLE = Automatic;
				CURRENT_PROJECT_VERSION = 1;
				DEVELOPMENT_TEAM = 8YHCBYDS83;
				GENERATE_INFOPLIST_FILE = YES;
				INFOPLIST_FILE = SpeechToText_Demo/Info.plist;
				INFOPLIST_KEY_UIApplicationSupportsIndirectInputEvents = YES;
				INFOPLIST_KEY_UILaunchStoryboardName = LaunchScreen;
				INFOPLIST_KEY_UIMainStoryboardFile = Main;
				INFOPLIST_KEY_UISupportedInterfaceOrientations_iPad = "UIInterfaceOrientationPortrait UIInterfaceOrientationPortraitUpsideDown UIInterfaceOrientationLandscapeLeft UIInterfaceOrientationLandscapeRight";
				INFOPLIST_KEY_UISupportedInterfaceOrientations_iPhone = "UIInterfaceOrientationPortrait UIInterfaceOrientationLandscapeLeft UIInterfaceOrientationLandscapeRight";
				LD_RUNPATH_SEARCH_PATHS = (
					"$(inherited)",
					"@executable_path/Frameworks",
				);
				MARKETING_VERSION = 1.0;
				PRODUCT_BUNDLE_IDENTIFIER = "com.khoile.SpeechToText-Demo";
				PRODUCT_NAME = "$(TARGET_NAME)";
				SWIFT_EMIT_LOC_STRINGS = YES;
				SWIFT_VERSION = 5.0;
				TARGETED_DEVICE_FAMILY = "1,2";
			};
			name = Release;
		};
		223466D729EAC27200C0529A /* Debug */ = {
			isa = XCBuildConfiguration;
			buildSettings = {
				ALWAYS_EMBED_SWIFT_STANDARD_LIBRARIES = YES;
				BUNDLE_LOADER = "$(TEST_HOST)";
				CODE_SIGN_STYLE = Automatic;
				CURRENT_PROJECT_VERSION = 1;
				DEVELOPMENT_TEAM = 8YHCBYDS83;
				GENERATE_INFOPLIST_FILE = YES;
				IPHONEOS_DEPLOYMENT_TARGET = 16.2;
				MARKETING_VERSION = 1.0;
				PRODUCT_BUNDLE_IDENTIFIER = "com.khoile.SpeechToText-DemoTests";
				PRODUCT_NAME = "$(TARGET_NAME)";
				SWIFT_EMIT_LOC_STRINGS = NO;
				SWIFT_VERSION = 5.0;
				TARGETED_DEVICE_FAMILY = "1,2";
				TEST_HOST = "$(BUILT_PRODUCTS_DIR)/SpeechToText_Demo.app/$(BUNDLE_EXECUTABLE_FOLDER_PATH)/SpeechToText_Demo";
			};
			name = Debug;
		};
		223466D829EAC27200C0529A /* Release */ = {
			isa = XCBuildConfiguration;
			buildSettings = {
				ALWAYS_EMBED_SWIFT_STANDARD_LIBRARIES = YES;
				BUNDLE_LOADER = "$(TEST_HOST)";
				CODE_SIGN_STYLE = Automatic;
				CURRENT_PROJECT_VERSION = 1;
				DEVELOPMENT_TEAM = 8YHCBYDS83;
				GENERATE_INFOPLIST_FILE = YES;
				IPHONEOS_DEPLOYMENT_TARGET = 16.2;
				MARKETING_VERSION = 1.0;
				PRODUCT_BUNDLE_IDENTIFIER = "com.khoile.SpeechToText-DemoTests";
				PRODUCT_NAME = "$(TARGET_NAME)";
				SWIFT_EMIT_LOC_STRINGS = NO;
				SWIFT_VERSION = 5.0;
				TARGETED_DEVICE_FAMILY = "1,2";
				TEST_HOST = "$(BUILT_PRODUCTS_DIR)/SpeechToText_Demo.app/$(BUNDLE_EXECUTABLE_FOLDER_PATH)/SpeechToText_Demo";
			};
			name = Release;
		};
		223466DA29EAC27200C0529A /* Debug */ = {
			isa = XCBuildConfiguration;
			buildSettings = {
				ALWAYS_EMBED_SWIFT_STANDARD_LIBRARIES = YES;
				CODE_SIGN_STYLE = Automatic;
				CURRENT_PROJECT_VERSION = 1;
				DEVELOPMENT_TEAM = 8YHCBYDS83;
				GENERATE_INFOPLIST_FILE = YES;
				MARKETING_VERSION = 1.0;
				PRODUCT_BUNDLE_IDENTIFIER = "com.khoile.SpeechToText-DemoUITests";
				PRODUCT_NAME = "$(TARGET_NAME)";
				SWIFT_EMIT_LOC_STRINGS = NO;
				SWIFT_VERSION = 5.0;
				TARGETED_DEVICE_FAMILY = "1,2";
				TEST_TARGET_NAME = SpeechToText_Demo;
			};
			name = Debug;
		};
		223466DB29EAC27200C0529A /* Release */ = {
			isa = XCBuildConfiguration;
			buildSettings = {
				ALWAYS_EMBED_SWIFT_STANDARD_LIBRARIES = YES;
				CODE_SIGN_STYLE = Automatic;
				CURRENT_PROJECT_VERSION = 1;
				DEVELOPMENT_TEAM = 8YHCBYDS83;
				GENERATE_INFOPLIST_FILE = YES;
				MARKETING_VERSION = 1.0;
				PRODUCT_BUNDLE_IDENTIFIER = "com.khoile.SpeechToText-DemoUITests";
				PRODUCT_NAME = "$(TARGET_NAME)";
				SWIFT_EMIT_LOC_STRINGS = NO;
				SWIFT_VERSION = 5.0;
				TARGETED_DEVICE_FAMILY = "1,2";
				TEST_TARGET_NAME = SpeechToText_Demo;
			};
			name = Release;
		};
/* End XCBuildConfiguration section */

/* Begin XCConfigurationList section */
		223466A429EAC27000C0529A /* Build configuration list for PBXProject "SpeechToText_Demo" */ = {
			isa = XCConfigurationList;
			buildConfigurations = (
				223466D129EAC27200C0529A /* Debug */,
				223466D229EAC27200C0529A /* Release */,
			);
			defaultConfigurationIsVisible = 0;
			defaultConfigurationName = Release;
		};
		223466D329EAC27200C0529A /* Build configuration list for PBXNativeTarget "SpeechToText_Demo" */ = {
			isa = XCConfigurationList;
			buildConfigurations = (
				223466D429EAC27200C0529A /* Debug */,
				223466D529EAC27200C0529A /* Release */,
			);
			defaultConfigurationIsVisible = 0;
			defaultConfigurationName = Release;
		};
		223466D629EAC27200C0529A /* Build configuration list for PBXNativeTarget "SpeechToText_DemoTests" */ = {
			isa = XCConfigurationList;
			buildConfigurations = (
				223466D729EAC27200C0529A /* Debug */,
				223466D829EAC27200C0529A /* Release */,
			);
			defaultConfigurationIsVisible = 0;
			defaultConfigurationName = Release;
		};
		223466D929EAC27200C0529A /* Build configuration list for PBXNativeTarget "SpeechToText_DemoUITests" */ = {
			isa = XCConfigurationList;
			buildConfigurations = (
				223466DA29EAC27200C0529A /* Debug */,
				223466DB29EAC27200C0529A /* Release */,
			);
			defaultConfigurationIsVisible = 0;
			defaultConfigurationName = Release;
		};
/* End XCConfigurationList section */
	};
	rootObject = 223466A129EAC27000C0529A /* Project object */;
}
